# This file is automatically @generated by Cargo.
# It is not intended for manual editing.
version = 3

[[package]]
name = "anstyle"
version = "1.0.10"
source = "registry+https://github.com/rust-lang/crates.io-index"
checksum = "55cc3b69f167a1ef2e161439aa98aed94e6028e5f9a59be9a6ffb47aef1651f9"

[[package]]
name = "approx"
version = "0.5.1"
source = "registry+https://github.com/rust-lang/crates.io-index"
checksum = "cab112f0a86d568ea0e627cc1d6be74a1e9cd55214684db5561995f6dad897c6"
dependencies = [
 "num-traits",
]

[[package]]
name = "autocfg"
version = "1.5.1"
source = "registry+https://github.com/rust-lang/crates.io-index"
checksum = "f2032f911046de80f0a198e0901378627c33f59ea0ac00e363d481118bd70a53"

[[package]]
name = "base64"
version = "0.22.1"
source = "registry+https://github.com/rust-lang/crates.io-index"
checksum = "72b3254f16251a8381aa12e40e3c4d2f0199f8c6508fbecb9d91f575e0fbb8c6"

[[package]]
name = "bincode"
version = "1.3.3"
source = "registry+https://github.com/rust-lang/crates.io-index"
checksum = "b1f45e9417d87227c7a56d22e471c6206462cba514c7590c09aff4cf6d1ddcad"
dependencies = [
 "serde",
]

[[package]]
name = "bitvec"
version = "1.1.1"
source = "registry+https://github.com/rust-lang/crates.io-index"
checksum = "ddcec3d12c579d40898fe0a9a358a803c23e9c52ca3c425707f81c9436211837"
dependencies = [
 "funty",
 "radium",
 "tap",
 "wyz",
]

[[package]]
name = "buffa"
version = "0.9.0"
source = "registry+https://github.com/rust-lang/crates.io-index"
checksum = "b97ce1f34252b8e2516042e1002d56c160908a7ff8a1c9d47e97836558d1c83a"
dependencies = [
 "base64",
 "bytes",
 "foldhash 0.1.5",
 "hashbrown 0.15.5",
 "once_cell",
 "rustversion",
 "serde",
 "serde_json",
 "smoothutf8",
 "thiserror",
]

[[package]]
name = "bytemuck"
version = "1.25.2"
source = "registry+https://github.com/rust-lang/crates.io-index"
checksum = "95832e849adfb21180ccb6826a99da14e5d266ae5c2e668e1602cf234f153797"

[[package]]
name = "byteorder"
version = "1.5.0"
source = "registry+https://github.com/rust-lang/crates.io-index"
checksum = "1fd0f2584146f6f2ef48085050886acf353beff7305ebd1ae69500e27c67f64b"

[[package]]
name = "bytes"
version = "1.12.1"
source = "registry+https://github.com/rust-lang/crates.io-index"
checksum = "fc652a48c352aef3ea3aed32080501cf3ef6ed5da78602a020c991775b0aff04"

[[package]]
name = "cc"
version = "1.2.19"
source = "registry+https://github.com/rust-lang/crates.io-index"
checksum = "8e3a13707ac958681c13b39b458c073d0d9bc8a22cb1b2f4c8e55eb72c13f362"
dependencies = [
 "shlex",
]

[[package]]
name = "cfg-if"
version = "1.0.4"
source = "registry+https://github.com/rust-lang/crates.io-index"
checksum = "9330f8b2ff13f34540b44e946ef35111825727b38d33286ef986142615121801"

[[package]]
name = "clap"
version = "4.5.37"
source = "registry+https://github.com/rust-lang/crates.io-index"
checksum = "eccb054f56cbd38340b380d4a8e69ef1f02f1af43db2f0cc817a4774d80ae071"
dependencies = [
 "clap_builder",
]

[[package]]
name = "clap_builder"
version = "4.5.37"
source = "registry+https://github.com/rust-lang/crates.io-index"
checksum = "efd9466fac8543255d3b1fcad4762c5e116ffe808c8a3043d4263cd4fd4862a2"
dependencies = [
 "anstyle",
 "clap_lex",
 "strsim",
]

[[package]]
name = "clap_lex"
version = "0.7.4"
source = "registry+https://github.com/rust-lang/crates.io-index"
checksum = "f46ad14479a25103f283c0f10005961cf086d8dc42205bb44c46ac563475dca6"

[[package]]
name = "codespan-reporting"
version = "0.12.0"
source = "registry+https://github.com/rust-lang/crates.io-index"
checksum = "fe6d2e5af09e8c8ad56c969f2157a3d4238cebc7c55f0a517728c38f7b200f81"
dependencies = [
 "serde",
 "termcolor",
 "unicode-width",
]

[[package]]
name = "csscolorparser"
version = "0.7.0"
source = "registry+https://github.com/rust-lang/crates.io-index"
checksum = "46f9a16a848a7fb95dd47ce387ac1ee9a6df879ba784b815537fcd388a1a8288"
dependencies = [
 "phf",
]

[[package]]
name = "cxx"
version = "1.0.157"
source = "registry+https://github.com/rust-lang/crates.io-index"
checksum = "3d6354e975ea4ec28033ec3a36fa9baa1a02e3eb22ad740eeb4929370d4f5ba8"
dependencies = [
 "cc",
 "cxxbridge-cmd",
 "cxxbridge-flags",
 "cxxbridge-macro",
 "foldhash 0.1.5",
 "link-cplusplus",
]

[[package]]
name = "cxxbridge-cmd"
version = "1.0.157"
source = "registry+https://github.com/rust-lang/crates.io-index"
checksum = "31860c98f69fc14da5742c5deaf78983e846c7b27804ca8c8319e32eef421bde"
dependencies = [
 "clap",
 "codespan-reporting",
 "proc-macro2",
 "quote",
 "syn 2.0.100",
]

[[package]]
name = "cxxbridge-flags"
version = "1.0.157"
source = "registry+https://github.com/rust-lang/crates.io-index"
checksum = "b0402a66013f3b8d3d9f2d7c9994656cc81e671054822b0728d7454d9231892f"

[[package]]
name = "cxxbridge-macro"
version = "1.0.157"
source = "registry+https://github.com/rust-lang/crates.io-index"
checksum = "64c0b38f32d68f3324a981645ee39b2d686af36d03c98a386df3716108c9feae"
dependencies = [
 "proc-macro2",
 "quote",
 "rustversion",
 "syn 2.0.100",
]

[[package]]
name = "derive-debug"
version = "0.1.2"
source = "registry+https://github.com/rust-lang/crates.io-index"
checksum = "e53ef7e1cf756fd5a8e74b9a0a9504ec446eddde86c3063a76ff26a13b7773b1"
dependencies = [
 "proc-macro2",
 "quote",
 "syn 1.0.109",
]

[[package]]
name = "dup-indexer"
version = "0.5.1"
source = "registry+https://github.com/rust-lang/crates.io-index"
checksum = "9d37ded393bfb74c6fb8643715ec650b7e88056fe69525483736a2961c943a98"
dependencies = [
 "foldhash 0.2.0",
]

[[package]]
name = "earcut"
version = "0.4.5"
source = "registry+https://github.com/rust-lang/crates.io-index"
checksum = "88459a2a8e3a514b6e6de38cf3aaa9250a894cb098f74a932db77fcc8341b6d0"
dependencies = [
 "num-traits",
]

[[package]]
name = "enum_dispatch"
version = "0.3.13"
source = "registry+https://github.com/rust-lang/crates.io-index"
checksum = "aa18ce2bc66555b3218614519ac839ddb759a7d6720732f979ef8d13be147ecd"
dependencies = [
 "once_cell",
 "proc-macro2",
 "quote",
 "syn 2.0.100",
]

[[package]]
name = "equivalent"
version = "1.0.2"
source = "registry+https://github.com/rust-lang/crates.io-index"
checksum = "877a4ace8713b0bcf2a4e7eec82529c029f1d0619886d18145fea96c3ffe5c0f"

[[package]]
name = "fast-mvt"
version = "0.6.2"
source = "registry+https://github.com/rust-lang/crates.io-index"
checksum = "5eed97ad4cc2f618f3a3544238f862fde13e4202dddcceff9ad024082e18f254"
dependencies = [
 "buffa",
 "dup-indexer",
 "geo-types",
 "serde",
 "serde_json",
 "thiserror",
 "usize_cast",
]

[[package]]
name = "fastpfor"
version = "0.9.0"
source = "registry+https://github.com/rust-lang/crates.io-index"
checksum = "ee8745e6c28edcc26071eb000703397a06de5e08d71ab48de3158703e5b680fb"
dependencies = [
 "bytemuck",
 "bytes",
 "thiserror",
]

[[package]]
name = "float_next_after"
version = "2.0.0"
source = "registry+https://github.com/rust-lang/crates.io-index"
checksum = "37007738a80ea34f969af54a3390dd72cacdef654974cfd449c9f6f72dbaac10"

[[package]]
name = "foldhash"
version = "0.1.5"
source = "registry+https://github.com/rust-lang/crates.io-index"
checksum = "d9c4f5dac5e15c24eb999c26181a6ca40b39fe946cbe4c263c7209467bc83af2"

[[package]]
name = "foldhash"
version = "0.2.0"
source = "registry+https://github.com/rust-lang/crates.io-index"
checksum = "77ce24cb58228fbb8aa041425bb1050850ac19177686ea6e0f41a70416f56fdb"

[[package]]
name = "fsst-rs"
version = "0.5.11"
source = "registry+https://github.com/rust-lang/crates.io-index"
checksum = "9b13ac798afc0d9194eb4efefef8b9332efbd80b43f302a968cb8cb23b9d5360"
dependencies = [
 "rustc-hash",
]

[[package]]
name = "funty"
version = "2.0.0"
source = "registry+https://github.com/rust-lang/crates.io-index"
checksum = "e6d5a32815ae3f33302d95fdcb2ce17862f8c65363dcfd29360480ba1001fc9c"

[[package]]
name = "geo"
version = "0.33.1"
source = "registry+https://github.com/rust-lang/crates.io-index"
checksum = "30eb1fdc57c1e5cfd11826fe0caec4b9dc7901f3758263bb506228d88c8d9e9a"
dependencies = [
 "earcut",
 "float_next_after",
 "geo-types",
 "geographiclib-rs",
 "i_overlay",
 "log",
 "num-traits",
 "rand 0.10.2",
 "rand_pcg",
 "robust",
 "rstar",
 "sif-itree",
]

[[package]]
name = "geo-types"
version = "0.7.19"
source = "registry+https://github.com/rust-lang/crates.io-index"
checksum = "94776032c45f950d30a13af6113c2ad5625316c9abfbccee4dd5a6695f8fe0f5"
dependencies = [
 "approx",
 "num-traits",
 "rstar",
 "serde",
]

[[package]]
name = "geographiclib-rs"
version = "0.2.7"
source = "registry+https://github.com/rust-lang/crates.io-index"
checksum = "c5a7f08910fd98737a6eda7568e7c5e645093e073328eeef49758cfe8b0489c7"
dependencies = [
 "libm",
]

[[package]]
name = "getrandom"
version = "0.1.16"
source = "registry+https://github.com/rust-lang/crates.io-index"
checksum = "8fc3cb4d91f53b50155bdcfd23f6a4c39ae1969c2ae85982b135750cccaf5fce"
dependencies = [
 "cfg-if",
 "libc",
 "wasi",
]

[[package]]
name = "hash32"
version = "0.3.1"
source = "registry+https://github.com/rust-lang/crates.io-index"
checksum = "47d60b12902ba28e2730cd37e95b8c9223af2808df9e902d4df49588d1470606"
dependencies = [
 "byteorder",
]

[[package]]
name = "hashbrown"
version = "0.15.5"
source = "registry+https://github.com/rust-lang/crates.io-index"
checksum = "9229cfe53dfd69f0609a49f65461bd93001ea1ef889cd5529dd176593f5338a1"
dependencies = [
 "foldhash 0.1.5",
 "serde",
]

[[package]]
name = "hashbrown"
version = "0.17.1"
source = "registry+https://github.com/rust-lang/crates.io-index"
checksum = "ed5909b6e89a2db4456e54cd5f673791d7eca6732202bbf2a9cc504fe2f9b84a"

[[package]]
name = "heapless"
version = "0.8.0"
source = "registry+https://github.com/rust-lang/crates.io-index"
checksum = "0bfb9eb618601c89945a70e254898da93b13be0388091d42117462b265bb3fad"
dependencies = [
 "hash32",
 "stable_deref_trait",
]

[[package]]
name = "heck"
version = "0.5.0"
source = "registry+https://github.com/rust-lang/crates.io-index"
checksum = "2304e00983f87ffb38b55b444b5e3b60a884b5d30c0fca7d82fe33449bbe55ea"

[[package]]
name = "hex"
version = "0.4.3"
source = "registry+https://github.com/rust-lang/crates.io-index"
checksum = "7f24254aa9a54b5c858eaee2f5bccdb46aaf0e486a595ed5fd8f86ba55232a70"

[[package]]
name = "hilbert_2d"
version = "1.1.0"
source = "registry+https://github.com/rust-lang/crates.io-index"
checksum = "705f81e042b11734af35c701c7f6b65f8a968a430621fa2c95e72e27f9f8be5c"

[[package]]
name = "hotpath"
version = "0.21.5"
source = "registry+https://github.com/rust-lang/crates.io-index"
checksum = "902f40dea4993d99db66732fddd9143e92657f1d47a642395f92b339b1375659"
dependencies = [
 "hotpath-macros",
]

[[package]]
name = "hotpath-macros"
version = "0.21.5"
source = "registry+https://github.com/rust-lang/crates.io-index"
checksum = "191f6e3b11c1f817e5c3737158812bc8d3a383e9d9d89526703ea6dc1e9fe647"

[[package]]
name = "i_float"
version = "1.16.0"
source = "registry+https://github.com/rust-lang/crates.io-index"
checksum = "813145bb0ad5b60f55cbbf3c74cdceda1c0a9d253b35c4cc36ae0df7887cb78f"
dependencies = [
 "libm",
]

[[package]]
name = "i_key_sort"
version = "0.10.3"
source = "registry+https://github.com/rust-lang/crates.io-index"
checksum = "d73d122b937fca067feb0ad74f62388920272b27c356d4df2d0cfdd59e044cf0"

[[package]]
name = "i_overlay"
version = "4.5.2"
source = "registry+https://github.com/rust-lang/crates.io-index"
checksum = "8dd314b4668e2b3a12508f2e125558c82a6c0a8636fa5107a900f79ce414e450"
dependencies = [
 "i_float",
 "i_key_sort",
 "i_shape",
 "i_tree",
]

[[package]]
name = "i_shape"
version = "1.18.0"
source = "registry+https://github.com/rust-lang/crates.io-index"
checksum = "bfa9eac533d7509a8ab87672b60ac610c17240f9ea4851d26227689fdfe349c8"
dependencies = [
 "i_float",
]

[[package]]
name = "i_tree"
version = "0.18.0"
source = "registry+https://github.com/rust-lang/crates.io-index"
checksum = "4804bdc1dc124eb7e1aa9e144ecc04096bcf787a10a15fa44af682b51f0f6cce"

[[package]]
name = "indexmap"
version = "2.14.0"
source = "registry+https://github.com/rust-lang/crates.io-index"
checksum = "d466e9454f08e4a911e14806c24e16fba1b4c121d1ea474396f396069cf949d9"
dependencies = [
 "equivalent",
 "hashbrown 0.17.1",
]

[[package]]
name = "integer-encoding"
version = "4.1.0"
source = "registry+https://github.com/rust-lang/crates.io-index"
checksum = "14c00403deb17c3221a1fe4fb571b9ed0370b3dcd116553c77fa294a3d918699"

[[package]]
name = "itoa"
version = "1.0.18"
source = "registry+https://github.com/rust-lang/crates.io-index"
checksum = "8f42a60cbdf9a97f5d2305f08a87dc4e09308d1276d28c869c684d7777685682"

[[package]]
name = "libc"
version = "0.2.189"
source = "registry+https://github.com/rust-lang/crates.io-index"
checksum = "3eaf3ede3fee6db1a4c2ee091bf8a8b4dccdc6d17f656fb07896ee72867612f2"

[[package]]
name = "libm"
version = "0.2.16"
source = "registry+https://github.com/rust-lang/crates.io-index"
checksum = "b6d2cec3eae94f9f509c767b45932f1ada8350c4bdb85af2fcab4a3c14807981"

[[package]]
name = "link-cplusplus"
version = "1.0.10"
source = "registry+https://github.com/rust-lang/crates.io-index"
checksum = "4a6f6da007f968f9def0d65a05b187e2960183de70c160204ecfccf0ee330212"
dependencies = [
 "cc",
]

[[package]]
name = "log"
version = "0.4.33"
source = "registry+https://github.com/rust-lang/crates.io-index"
checksum = "0ceec5bc11778974d1bcb055b18002eba7f4b3518b6a0081b3af5f21666da9ad"

[[package]]
name = "memchr"
version = "2.8.3"
source = "registry+https://github.com/rust-lang/crates.io-index"
checksum = "cf8baf1c55e62ffcace7a9f06f4bd9cd3f0c4beb022d3b367256b91b87513d98"

[[package]]
name = "mlt-core"
version = "0.12.4"
source = "registry+https://github.com/rust-lang/crates.io-index"
checksum = "c1e6c951efd2eae3bb29d325abcf5c8deb3a38241c07b50d4d665fdb2a2c63fb"
dependencies = [
 "bitvec",
 "bytemuck",
 "derive-debug",
 "enum_dispatch",
 "fast-mvt",
 "fastpfor",
 "fsst-rs",
 "geo",
 "geo-types",
 "hex",
 "hilbert_2d",
 "hotpath",
 "integer-encoding",
 "num-traits",
 "num_enum",
 "probabilistic-collections",
 "serde",
 "serde_json",
 "strum",
 "thiserror",
 "union-find",
 "usize_cast",
 "wide",
 "zigzag",
]

[[package]]
name = "num-traits"
version = "0.2.19"
source = "registry+https://github.com/rust-lang/crates.io-index"
checksum = "071dfc062690e90b734c0b2273ce72ad0ffa95f0c74596bc250dcfd960262841"
dependencies = [
 "autocfg",
 "libm",
]

[[package]]
name = "num_enum"
version = "0.7.6"
source = "registry+https://github.com/rust-lang/crates.io-index"
checksum = "5d0bca838442ec211fa11de3a8b0e0e8f3a4522575b5c4c06ed722e005036f26"
dependencies = [
 "num_enum_derive",
 "rustversion",
]

[[package]]
name = "num_enum_derive"
version = "0.7.6"
source = "registry+https://github.com/rust-lang/crates.io-index"
checksum = "680998035259dcfcafe653688bf2aa6d3e2dc05e98be6ab46afb089dc84f1df8"
dependencies = [
 "proc-macro-crate",
 "proc-macro2",
 "quote",
 "syn 2.0.100",
]

[[package]]
name = "once_cell"
version = "1.21.4"
source = "registry+https://github.com/rust-lang/crates.io-index"
checksum = "9f7c3e4beb33f85d45ae3e3a1792185706c8e16d043238c593331cc7cd313b50"

[[package]]
name = "phf"
version = "0.11.3"
source = "registry+https://github.com/rust-lang/crates.io-index"
checksum = "1fd6780a80ae0c52cc120a26a1a42c1ae51b247a253e4e06113d23d2c2edd078"
dependencies = [
 "phf_macros",
 "phf_shared",
]

[[package]]
name = "phf_generator"
version = "0.11.3"
source = "registry+https://github.com/rust-lang/crates.io-index"
checksum = "3c80231409c20246a13fddb31776fb942c38553c51e871f8cbd687a4cfb5843d"
dependencies = [
 "phf_shared",
 "rand 0.8.5",
]

[[package]]
name = "phf_macros"
version = "0.11.3"
source = "registry+https://github.com/rust-lang/crates.io-index"
checksum = "f84ac04429c13a7ff43785d75ad27569f2951ce0ffd30a3321230db2fc727216"
dependencies = [
 "phf_generator",
 "phf_shared",
 "proc-macro2",
 "quote",
 "syn 2.0.100",
]

[[package]]
name = "phf_shared"
version = "0.11.3"
source = "registry+https://github.com/rust-lang/crates.io-index"
checksum = "67eabc2ef2a60eb7faa00097bd1ffdb5bd28e62bf39990626a582201b7a754e5"
dependencies = [
 "siphasher 1.0.1",
]

[[package]]
name = "ppv-lite86"
version = "0.2.21"
source = "registry+https://github.com/rust-lang/crates.io-index"
checksum = "85eae3c4ed2f50dcfe72643da4befc30deadb458a9b590d720cde2f2b1e97da9"
dependencies = [
 "zerocopy",
]

[[package]]
name = "probabilistic-collections"
version = "0.7.0"
source = "registry+https://github.com/rust-lang/crates.io-index"
checksum = "10e885f79599b2c3fe1ad8ab539b4dbb0c6b801b5948696a6b0b6dee18675cea"
dependencies = [
 "bincode",
 "byteorder",
 "rand 0.7.3",
 "rand_xorshift",
 "siphasher 0.3.11",
]

[[package]]
name = "proc-macro-crate"
version = "3.5.0"
source = "registry+https://github.com/rust-lang/crates.io-index"
checksum = "e67ba7e9b2b56446f1d419b1d807906278ffa1a658a8a5d8a39dcb1f5a78614f"
dependencies = [
 "toml_edit",
]

[[package]]
name = "proc-macro2"
version = "1.0.95"
source = "registry+https://github.com/rust-lang/crates.io-index"
checksum = "02b3e5e68a3a1a02aad3ec490a98007cbc13c37cbe84a3cd7b8e406d76e7f778"
dependencies = [
 "unicode-ident",
]

[[package]]
name = "quote"
version = "1.0.40"
source = "registry+https://github.com/rust-lang/crates.io-index"
checksum = "1885c039570dc00dcb4ff087a89e185fd56bae234ddc7f056a945bf36467248d"
dependencies = [
 "proc-macro2",
]

[[package]]
name = "radium"
version = "0.7.0"
source = "registry+https://github.com/rust-lang/crates.io-index"
checksum = "dc33ff2d4973d518d823d61aa239014831e521c75da58e3df4840d3f47749d09"

[[package]]
name = "rand"
version = "0.7.3"
source = "registry+https://github.com/rust-lang/crates.io-index"
checksum = "6a6b1679d49b24bbfe0c803429aa1874472f50d9b363131f0e89fc356b544d03"
dependencies = [
 "getrandom",
 "libc",
 "rand_chacha",
 "rand_core 0.5.1",
 "rand_hc",
]

[[package]]
name = "rand"
version = "0.8.5"
source = "registry+https://github.com/rust-lang/crates.io-index"
checksum = "34af8d1a0e25924bc5b7c43c079c942339d8f0a8b57c39049bef581b46327404"
dependencies = [
 "rand_core 0.6.4",
]

[[package]]
name = "rand"
version = "0.10.2"
source = "registry+https://github.com/rust-lang/crates.io-index"
checksum = "c7f5fa3a058cd35567ef9bfa5e75732bee0f9e4c55fa90477bef2dfcdbc4be80"
dependencies = [
 "rand_core 0.10.1",
]

[[package]]
name = "rand_chacha"
version = "0.2.2"
source = "registry+https://github.com/rust-lang/crates.io-index"
checksum = "f4c8ed856279c9737206bf725bf36935d8666ead7aa69b52be55af369d193402"
dependencies = [
 "ppv-lite86",
 "rand_core 0.5.1",
]

[[package]]
name = "rand_core"
version = "0.5.1"
source = "registry+https://github.com/rust-lang/crates.io-index"
checksum = "90bde5296fc891b0cef12a6d03ddccc162ce7b2aff54160af9338f8d40df6d19"
dependencies = [
 "getrandom",
]

[[package]]
name = "rand_core"
version = "0.6.4"
source = "registry+https://github.com/rust-lang/crates.io-index"
checksum = "ec0be4795e2f6a28069bec0b5ff3e2ac9bafc99e6a9a7dc3547996c5c816922c"

[[package]]
name = "rand_core"
version = "0.10.1"
source = "registry+https://github.com/rust-lang/crates.io-index"
checksum = "63b8176103e19a2643978565ca18b50549f6101881c443590420e4dc998a3c69"

[[package]]
name = "rand_hc"
version = "0.2.0"
source = "registry+https://github.com/rust-lang/crates.io-index"
checksum = "ca3129af7b92a17112d59ad498c6f81eaf463253766b90396d39ea7a39d6613c"
dependencies = [
 "rand_core 0.5.1",
]

[[package]]
name = "rand_pcg"
version = "0.10.2"
source = "registry+https://github.com/rust-lang/crates.io-index"
checksum = "caa0f4137e1c0a72f4c651489402276c8e8e1cf081f3b0ba156d2cbeef09e86a"
dependencies = [
 "rand_core 0.10.1",
]

[[package]]
name = "rand_xorshift"
version = "0.2.0"
source = "registry+https://github.com/rust-lang/crates.io-index"
checksum = "77d416b86801d23dde1aa643023b775c3a462efc0ed96443add11546cdf1dca8"
dependencies = [
 "rand_core 0.5.1",
]

[[package]]
name = "robust"
version = "1.2.0"
source = "registry+https://github.com/rust-lang/crates.io-index"
checksum = "4e27ee8bb91ca0adcf0ecb116293afa12d393f9c2b9b9cd54d33e8078fe19839"

[[package]]
name = "rstar"
version = "0.12.2"
source = "registry+https://github.com/rust-lang/crates.io-index"
checksum = "421400d13ccfd26dfa5858199c30a5d76f9c54e0dba7575273025b43c5175dbb"
dependencies = [
 "heapless",
 "num-traits",
 "smallvec",
]

[[package]]
name = "rustc-hash"
version = "2.1.3"
source = "registry+https://github.com/rust-lang/crates.io-index"
checksum = "6b1e7f9a428571be2dc5bc0505c13fb6bf936822b894ec87abf8a08a4e51742d"

[[package]]
name = "rustutils"
version = "0.0.0"
dependencies = [
 "csscolorparser",
 "cxx",
 "mlt-core",
]

[[package]]
name = "rustversion"
version = "1.0.20"
source = "registry+https://github.com/rust-lang/crates.io-index"
checksum = "eded382c5f5f786b989652c49544c4877d9f015cc22e145a5ea8ea66c2921cd2"

[[package]]
name = "safe_arch"
version = "1.1.0"
source = "registry+https://github.com/rust-lang/crates.io-index"
checksum = "3a52ec151f024d703f9fd65abb7cbe81e7cdb39f18917a3a37e3014470dc7c59"
dependencies = [
 "bytemuck",
]

[[package]]
name = "serde"
version = "1.0.229"
source = "registry+https://github.com/rust-lang/crates.io-index"
checksum = "4148590afebada386688f18773da617792bf2ef03ffc1e4cbd2b1d45b023e0ba"
dependencies = [
 "serde_core",
 "serde_derive",
]

[[package]]
name = "serde_core"
version = "1.0.229"
source = "registry+https://github.com/rust-lang/crates.io-index"
checksum = "67dca2c9c51e58a4791a4b1ed58308b39c64224d349a935ab5039aa360942a48"
dependencies = [
 "serde_derive",
]

[[package]]
name = "serde_derive"
version = "1.0.229"
source = "registry+https://github.com/rust-lang/crates.io-index"
checksum = "e7a5d71263a5a7d47b41f6b3f06ba276f10cc18b0931f1799f710578e2309348"
dependencies = [
 "proc-macro2",
 "quote",
 "syn 3.0.3",
]

[[package]]
name = "serde_json"
version = "1.0.151"
source = "registry+https://github.com/rust-lang/crates.io-index"
checksum = "c841b55ecdae098c80dcae9cf767f6f8a0c2cdb3416bbef72181df4d0fe73f14"
dependencies = [
 "itoa",
 "memchr",
 "serde",
 "serde_core",
 "zmij",
]

[[package]]
name = "shlex"
version = "1.3.0"
source = "registry+https://github.com/rust-lang/crates.io-index"
checksum = "0fda2ff0d084019ba4d7c6f371c95d8fd75ce3524c3cb8fb653a3023f6323e64"

[[package]]
name = "sif-itree"
version = "0.4.1"
source = "registry+https://github.com/rust-lang/crates.io-index"
checksum = "d7f45b8998ced5134fb1d75732c77842a3e888f19c1ff98481822e8fbfbf930b"

[[package]]
name = "simdutf8"
version = "0.1.5"
source = "registry+https://github.com/rust-lang/crates.io-index"
checksum = "e3a9fe34e3e7a50316060351f37187a3f546bce95496156754b601a5fa71b76e"

[[package]]
name = "siphasher"
version = "0.3.11"
source = "registry+https://github.com/rust-lang/crates.io-index"
checksum = "38b58827f4464d87d377d175e90bf58eb00fd8716ff0a62f80356b5e61555d0d"

[[package]]
name = "siphasher"
version = "1.0.1"
source = "registry+https://github.com/rust-lang/crates.io-index"
checksum = "56199f7ddabf13fe5074ce809e7d3f42b42ae711800501b5b16ea82ad029c39d"

[[package]]
name = "smallvec"
version = "1.15.2"
source = "registry+https://github.com/rust-lang/crates.io-index"
checksum = "8ed6a63f02c8539c91a8685a86f4099661ba3da017932f6ebbea6de3f0fa7c90"

[[package]]
name = "smoothutf8"
version = "0.2.3"
source = "registry+https://github.com/rust-lang/crates.io-index"
checksum = "6b4ec95892483d6d94284caccfddb9b77111a4dcac33ed25d624248def0fa5f1"
dependencies = [
 "simdutf8",
]

[[package]]
name = "stable_deref_trait"
version = "1.2.1"
source = "registry+https://github.com/rust-lang/crates.io-index"
checksum = "6ce2be8dc25455e1f91df71bfa12ad37d7af1092ae736f3a6cd0e37bc7810596"

[[package]]
name = "strsim"
version = "0.11.1"
source = "registry+https://github.com/rust-lang/crates.io-index"
checksum = "7da8b5736845d9f2fcb837ea5d9e2628564b3b043a70948a3f0b778838c5fb4f"

[[package]]
name = "strum"
version = "0.28.0"
source = "registry+https://github.com/rust-lang/crates.io-index"
checksum = "9628de9b8791db39ceda2b119bbe13134770b56c138ec1d3af810d045c04f9bd"
dependencies = [
 "strum_macros",
]

[[package]]
name = "strum_macros"
version = "0.28.0"
source = "registry+https://github.com/rust-lang/crates.io-index"
checksum = "ab85eea0270ee17587ed4156089e10b9e6880ee688791d45a905f5b1ca36f664"
dependencies = [
 "heck",
 "proc-macro2",
 "quote",
 "syn 2.0.100",
]

[[package]]
name = "syn"
version = "1.0.109"
source = "registry+https://github.com/rust-lang/crates.io-index"
checksum = "72b64191b275b66ffe2469e8af2c1cfe3bafa67b529ead792a6d0160888b4237"
dependencies = [
 "proc-macro2",
 "quote",
 "unicode-ident",
]

[[package]]
name = "syn"
version = "2.0.100"
source = "registry+https://github.com/rust-lang/crates.io-index"
checksum = "b09a44accad81e1ba1cd74a32461ba89dee89095ba17b32f5d03683b1b1fc2a0"
dependencies = [
 "proc-macro2",
 "quote",
 "unicode-ident",
]

[[package]]
name = "syn"
version = "3.0.3"
source = "registry+https://github.com/rust-lang/crates.io-index"
checksum = "53e9bae58849f64dfa4f5d5ae372c8341f7305f82a3868709269343628b659a3"
dependencies = [
 "proc-macro2",
 "quote",
 "unicode-ident",
]

[[package]]
name = "tap"
version = "1.0.1"
source = "registry+https://github.com/rust-lang/crates.io-index"
checksum = "55937e1799185b12863d447f42597ed69d9928686b8d88a1df17376a097d8369"

[[package]]
name = "termcolor"
version = "1.4.1"
source = "registry+https://github.com/rust-lang/crates.io-index"
checksum = "06794f8f6c5c898b3275aebefa6b8a1cb24cd2c6c79397ab15774837a0bc5755"
dependencies = [
 "winapi-util",
]

[[package]]
name = "thiserror"
version = "2.0.19"
source = "registry+https://github.com/rust-lang/crates.io-index"
checksum = "09a43598840e33d5b0331f38c5e30d13bb11c11210a4b58f0d9b18a5a5eefcd9"
dependencies = [
 "thiserror-impl",
]

[[package]]
name = "thiserror-impl"
version = "2.0.19"
source = "registry+https://github.com/rust-lang/crates.io-index"
checksum = "43cbfe0cf76104d42a574802844187e84a305e531ed54455f11fbde0f10541cd"
dependencies = [
 "proc-macro2",
 "quote",
 "syn 3.0.3",
]

[[package]]
name = "toml_datetime"
version = "1.1.1+spec-1.1.0"
source = "registry+https://github.com/rust-lang/crates.io-index"
checksum = "3165f65f62e28e0115a00b2ebdd37eb6f3b641855f9d636d3cd4103767159ad7"
dependencies = [
 "serde_core",
]

[[package]]
name = "toml_edit"
version = "0.25.13+spec-1.1.0"
source = "registry+https://github.com/rust-lang/crates.io-index"
checksum = "6975367e4d2ef766d86af01ffad14b622fecc8d4357a998fbc4deb6e9bacaf9b"
dependencies = [
 "indexmap",
 "toml_datetime",
 "toml_parser",
 "winnow",
]

[[package]]
name = "toml_parser"
version = "1.1.2+spec-1.1.0"
source = "registry+https://github.com/rust-lang/crates.io-index"
checksum = "a2abe9b86193656635d2411dc43050282ca48aa31c2451210f4202550afb7526"
dependencies = [
 "winnow",
]

[[package]]
name = "unicode-ident"
version = "1.0.18"
source = "registry+https://github.com/rust-lang/crates.io-index"
checksum = "5a5f39404a5da50712a4c1eecf25e90dd62b613502b7e925fd4e4d19b5c96512"

[[package]]
name = "unicode-width"
version = "0.2.0"
source = "registry+https://github.com/rust-lang/crates.io-index"
checksum = "1fc81956842c57dac11422a97c3b8195a1ff727f06e85c84ed2e8aa277c9a0fd"

[[package]]
name = "union-find"
version = "0.4.4"
source = "registry+https://github.com/rust-lang/crates.io-index"
checksum = "617b646852504df7924cff3b0ca6c8f07a3c91099b48076fab58d4298faf47ca"

[[package]]
name = "usize_cast"
version = "1.1.0"
source = "registry+https://github.com/rust-lang/crates.io-index"
checksum = "810f3a98a85147e3ad2a1331aa6dac66490e802d65fa0ab283c383058e3f9751"

[[package]]
name = "wasi"
version = "0.9.0+wasi-snapshot-preview1"
source = "registry+https://github.com/rust-lang/crates.io-index"
checksum = "cccddf32554fecc6acb585f82a32a72e28b48f8c4c1883ddfeeeaa96f7d8e519"

[[package]]
name = "wide"
version = "1.5.0"
source = "registry+https://github.com/rust-lang/crates.io-index"
checksum = "dfdfe6a32973f2d1b268b8895845a8a96cac2f0191e72c27cc929036060dbf89"
dependencies = [
 "bytemuck",
 "safe_arch",
]

[[package]]
name = "winapi-util"
version = "0.1.9"
source = "registry+https://github.com/rust-lang/crates.io-index"
checksum = "cf221c93e13a30d793f7645a0e7762c55d169dbb0a49671918a2319d289b10bb"
dependencies = [
 "windows-sys",
]

[[package]]
name = "windows-sys"
version = "0.59.0"
source = "registry+https://github.com/rust-lang/crates.io-index"
checksum = "1e38bc4d79ed67fd075bcc251a1c39b32a1776bbe92e5bef1f0bf1f8c531853b"
dependencies = [
 "windows-targets",
]

[[package]]
name = "windows-targets"
version = "0.52.6"
source = "registry+https://github.com/rust-lang/crates.io-index"
checksum = "9b724f72796e036ab90c1021d4780d4d3d648aca59e491e6b98e725b84e99973"
dependencies = [
 "windows_aarch64_gnullvm",
 "windows_aarch64_msvc",
 "windows_i686_gnu",
 "windows_i686_gnullvm",
 "windows_i686_msvc",
 "windows_x86_64_gnu",
 "windows_x86_64_gnullvm",
 "windows_x86_64_msvc",
]

[[package]]
name = "windows_aarch64_gnullvm"
version = "0.52.6"
source = "registry+https://github.com/rust-lang/crates.io-index"
checksum = "32a4622180e7a0ec044bb555404c800bc9fd9ec262ec147edd5989ccd0c02cd3"

[[package]]
name = "windows_aarch64_msvc"
version = "0.52.6"
source = "registry+https://github.com/rust-lang/crates.io-index"
checksum = "09ec2a7bb152e2252b53fa7803150007879548bc709c039df7627cabbd05d469"

[[package]]
name = "windows_i686_gnu"
version = "0.52.6"
source = "registry+https://github.com/rust-lang/crates.io-index"
checksum = "8e9b5ad5ab802e97eb8e295ac6720e509ee4c243f69d781394014ebfe8bbfa0b"

[[package]]
name = "windows_i686_gnullvm"
version = "0.52.6"
source = "registry+https://github.com/rust-lang/crates.io-index"
checksum = "0eee52d38c090b3caa76c563b86c3a4bd71ef1a819287c19d586d7334ae8ed66"

[[package]]
name = "windows_i686_msvc"
version = "0.52.6"
source = "registry+https://github.com/rust-lang/crates.io-index"
checksum = "240948bc05c5e7c6dabba28bf89d89ffce3e303022809e73deaefe4f6ec56c66"

[[package]]
name = "windows_x86_64_gnu"
version = "0.52.6"
source = "registry+https://github.com/rust-lang/crates.io-index"
checksum = "147a5c80aabfbf0c7d901cb5895d1de30ef2907eb21fbbab29ca94c5b08b1a78"

[[package]]
name = "windows_x86_64_gnullvm"
version = "0.52.6"
source = "registry+https://github.com/rust-lang/crates.io-index"
checksum = "24d5b23dc417412679681396f2b49f3de8c1473deb516bd34410872eff51ed0d"

[[package]]
name = "windows_x86_64_msvc"
version = "0.52.6"
source = "registry+https://github.com/rust-lang/crates.io-index"
checksum = "589f6da84c646204747d1270a2a5661ea66ed1cced2631d546fdfb155959f9ec"

[[package]]
name = "winnow"
version = "1.0.4"
source = "registry+https://github.com/rust-lang/crates.io-index"
checksum = "23b97319f7b8343df12cc98938e5c3eb436064524c8d2b4e30a1d3a36eecdf81"
dependencies = [
 "memchr",
]

[[package]]
name = "wyz"
version = "0.5.1"
source = "registry+https://github.com/rust-lang/crates.io-index"
checksum = "05f360fc0b24296329c78fda852a1e9ae82de9cf7b27dae4b7f62f118f77b9ed"
dependencies = [
 "tap",
]

[[package]]
name = "zerocopy"
version = "0.8.55"
source = "registry+https://github.com/rust-lang/crates.io-index"
checksum = "b5a105cd7b140f6eeec8acff2ea38135d3cab283ada58540f629fe51e46696eb"
dependencies = [
 "zerocopy-derive",
]

[[package]]
name = "zerocopy-derive"
version = "0.8.55"
source = "registry+https://github.com/rust-lang/crates.io-index"
checksum = "0fe976fb70c78cd64cccfe3a6fc142244e8a77b70959b30faf9d0ac37ee228eb"
dependencies = [
 "proc-macro2",
 "quote",
 "syn 2.0.100",
]

[[package]]
name = "zigzag"
version = "0.1.0"
source = "registry+https://github.com/rust-lang/crates.io-index"
checksum = "70b40401a28d86ce16a330b863b86fd7dbee4d7c940587ab09ab8c019f9e3fdf"
dependencies = [
 "num-traits",
]

[[package]]
name = "zmij"
version = "1.0.23"
source = "registry+https://github.com/rust-lang/crates.io-index"
checksum = "29666d0abbfad1e3dc4dcf6144730dd3a3ab225bbbdac83319345b1b44ccfc1b"
