{
  "pins" : [
    {
      "identity" : "polyline",
      "kind" : "remoteSourceControl",
      "location" : "https://github.com/raphaelmor/Polyline",
      "state" : {
        "revision" : "353f80378dcd8f17eefe8550090c6b1ae3c9da23",
        "version" : "5.1.0"
      }
    },
    {
      "identity" : "sentry-cocoa",
      "kind" : "remoteSourceControl",
      "location" : "https://github.com/getsentry/sentry-cocoa",
      "state" : {
        "revision" : "8627bbc0e663238d516b541d8fc7edd62a627fde",
        "version" : "8.57.3"
      }
    }
  ],
  "version" : 2
}
